
Microsoft Visual Studio Solution File, Format Version 12.00
# Visual Studio 14
VisualStudioVersion = 14.0.25420.1
MinimumVisualStudioVersion = 10.0.40219.1
Project("{2150E333-8FDC-42A3-9474-1A3956D46DE8}") = "Common", "Common", "{13583278-827A-4884-B451-FB90236BF46B}"
EndProject
Project("{2150E333-8FDC-42A3-9474-1A3956D46DE8}") = "Data", "Data", "{56EB7279-B0D7-4CA7-BA05-A2BD38BDE770}"
EndProject
Project("{2150E333-8FDC-42A3-9474-1A3956D46DE8}") = "Database", "Database", "{2C51688E-AF35-4B8C-99A8-BC2C1497576B}"
EndProject
Project("{2150E333-8FDC-42A3-9474-1A3956D46DE8}") = "Business", "Business", "{584E7B95-22EE-4BF9-94C1-6DB5A397905E}"
EndProject
Project("{2150E333-8FDC-42A3-9474-1A3956D46DE8}") = "Client", "Client", "{FA49C1D2-B72F-4D6A-A689-96EE936A64D1}"
EndProject
Project("{2150E333-8FDC-42A3-9474-1A3956D46DE8}") = "Host", "Host", "{3A5DAC8F-226E-4AF8-AFF9-FFFA36B75A98}"
EndProject
Project("{2150E333-8FDC-42A3-9474-1A3956D46DE8}") = "Test", "Test", "{2D0901FA-4C02-41FF-9B16-D5746F4AE476}"
EndProject
Project("{2150E333-8FDC-42A3-9474-1A3956D46DE8}") = "Integration", "Integration", "{63F93C3F-3EEB-4774-8EB5-3DE14646D7B3}"
EndProject
Project("{2150E333-8FDC-42A3-9474-1A3956D46DE8}") = "Presentation", "Presentation", "{83F946E0-47D5-4C8D-A1B9-00A70BAA59CD}"
EndProject
Project("{2150E333-8FDC-42A3-9474-1A3956D46DE8}") = "Solution File", "Solution File", "{209BE230-7F34-4852-B16E-35A00C1C7BB8}"
EndProject
Project("{FAE04EC0-301F-11D3-BF4B-00C04F79EFBC}") = "Smart.MFB.ERP.Common", "Common\Smart.MFB.ERP.Common\Smart.MFB.ERP.Common.csproj", "{A10FB47D-18A8-43C0-867E-39055C3F284E}"
EndProject
Project("{FAE04EC0-301F-11D3-BF4B-00C04F79EFBC}") = "Smart.MFB.ERP.Common.Core", "Common\Smart.MFB.ERP.Common.Core\Smart.MFB.ERP.Common.Core.csproj", "{A5BAE5F4-B2A8-4FAD-A8DB-A90416CADB2F}"
EndProject
Global
	GlobalSection(SolutionConfigurationPlatforms) = preSolution
		Debug|Any CPU = Debug|Any CPU
		Release|Any CPU = Release|Any CPU
	EndGlobalSection
	GlobalSection(ProjectConfigurationPlatforms) = postSolution
		{A10FB47D-18A8-43C0-867E-39055C3F284E}.Debug|Any CPU.ActiveCfg = Debug|Any CPU
		{A10FB47D-18A8-43C0-867E-39055C3F284E}.Debug|Any CPU.Build.0 = Debug|Any CPU
		{A10FB47D-18A8-43C0-867E-39055C3F284E}.Release|Any CPU.ActiveCfg = Release|Any CPU
		{A10FB47D-18A8-43C0-867E-39055C3F284E}.Release|Any CPU.Build.0 = Release|Any CPU
		{A5BAE5F4-B2A8-4FAD-A8DB-A90416CADB2F}.Debug|Any CPU.ActiveCfg = Debug|Any CPU
		{A5BAE5F4-B2A8-4FAD-A8DB-A90416CADB2F}.Debug|Any CPU.Build.0 = Debug|Any CPU
		{A5BAE5F4-B2A8-4FAD-A8DB-A90416CADB2F}.Release|Any CPU.ActiveCfg = Release|Any CPU
		{A5BAE5F4-B2A8-4FAD-A8DB-A90416CADB2F}.Release|Any CPU.Build.0 = Release|Any CPU
	EndGlobalSection
	GlobalSection(SolutionProperties) = preSolution
		HideSolutionNode = FALSE
	EndGlobalSection
	GlobalSection(NestedProjects) = preSolution
		{A10FB47D-18A8-43C0-867E-39055C3F284E} = {13583278-827A-4884-B451-FB90236BF46B}
		{A5BAE5F4-B2A8-4FAD-A8DB-A90416CADB2F} = {13583278-827A-4884-B451-FB90236BF46B}
	EndGlobalSection
EndGlobal
