
Microsoft Visual Studio Solution File, Format Version 12.00
# Visual Studio 14
VisualStudioVersion = 14.0.25420.1
MinimumVisualStudioVersion = 10.0.40219.1
Project("{2150E333-8FDC-42A3-9474-1A3956D46DE8}") = "Common", "Common", "{13583278-827A-4884-B451-FB90236BF46B}"
EndProject
Project("{2150E333-8FDC-42A3-9474-1A3956D46DE8}") = "Data", "Data", "{56EB7279-B0D7-4CA7-BA05-A2BD38BDE770}"
EndProject
Project("{2150E333-8FDC-42A3-9474-1A3956D46DE8}") = "Database", "Database", "{2C51688E-AF35-4B8C-99A8-BC2C1497576B}"
EndProject
Project("{2150E333-8FDC-42A3-9474-1A3956D46DE8}") = "Business", "Business", "{584E7B95-22EE-4BF9-94C1-6DB5A397905E}"
EndProject
Project("{2150E333-8FDC-42A3-9474-1A3956D46DE8}") = "Client", "Client", "{FA49C1D2-B72F-4D6A-A689-96EE936A64D1}"
EndProject
Project("{2150E333-8FDC-42A3-9474-1A3956D46DE8}") = "Host", "Host", "{3A5DAC8F-226E-4AF8-AFF9-FFFA36B75A98}"
EndProject
Project("{2150E333-8FDC-42A3-9474-1A3956D46DE8}") = "Test", "Test", "{2D0901FA-4C02-41FF-9B16-D5746F4AE476}"
EndProject
Project("{2150E333-8FDC-42A3-9474-1A3956D46DE8}") = "Integration", "Integration", "{63F93C3F-3EEB-4774-8EB5-3DE14646D7B3}"
EndProject
Project("{2150E333-8FDC-42A3-9474-1A3956D46DE8}") = "Presentation", "Presentation", "{83F946E0-47D5-4C8D-A1B9-00A70BAA59CD}"
EndProject
Project("{2150E333-8FDC-42A3-9474-1A3956D46DE8}") = "Solution File", "Solution File", "{209BE230-7F34-4852-B16E-35A00C1C7BB8}"
	ProjectSection(SolutionItems) = preProject
		DevRepo.txt = DevRepo.txt
		Solution File\Smart MFB ERP DEV Rule.txt = Solution File\Smart MFB ERP DEV Rule.txt
	EndProjectSection
EndProject
Project("{FAE04EC0-301F-11D3-BF4B-00C04F79EFBC}") = "Smart.MFB.ERP.Common", "Common\Smart.MFB.ERP.Common\Smart.MFB.ERP.Common.csproj", "{A10FB47D-18A8-43C0-867E-39055C3F284E}"
EndProject
Project("{FAE04EC0-301F-11D3-BF4B-00C04F79EFBC}") = "Smart.MFB.ERP.Common.Core", "Common\Smart.MFB.ERP.Common.Core\Smart.MFB.ERP.Common.Core.csproj", "{A5BAE5F4-B2A8-4FAD-A8DB-A90416CADB2F}"
EndProject
Project("{2150E333-8FDC-42A3-9474-1A3956D46DE8}") = "Core", "Core", "{70E12325-600A-4636-BA4B-C946049631CC}"
EndProject
Project("{FAE04EC0-301F-11D3-BF4B-00C04F79EFBC}") = "Smart.MFB.ERP.Data.Core.Contract", "Data\Smart.MFB.ERP.Data.Core.Contract\Smart.MFB.ERP.Data.Core.Contract.csproj", "{65BA5019-8EE4-40C4-AC28-2EC778B4B52A}"
EndProject
Project("{FAE04EC0-301F-11D3-BF4B-00C04F79EFBC}") = "Smart.MFB.ERP.Data.Core", "Data\Smart.MFB.ERP.Data.Core\Smart.MFB.ERP.Data.Core.csproj", "{BED21150-64EF-4866-B651-1DBD70A78C03}"
EndProject
Project("{00D1A9C2-B5F0-4AF3-8072-F6C62B433612}") = "Smart.MFB.ERP.Database", "Database\Smart.MFB.ERP.Database\Smart.MFB.ERP.Database.sqlproj", "{9BA7E5C3-96DE-4A00-8755-1DABDEDD43E1}"
EndProject
Project("{2150E333-8FDC-42A3-9474-1A3956D46DE8}") = "Communication", "Communication", "{1D96C7EF-D67E-4366-9D58-0ADF5F2E4F8E}"
EndProject
Project("{FAE04EC0-301F-11D3-BF4B-00C04F79EFBC}") = "Smart.MFB.ERP.Common.Communication", "Common\Smart.MFB.ERP.Common.Communication\Smart.MFB.ERP.Common.Communication.csproj", "{C9E1CC1E-D320-40C1-BBBF-99DC5C5429AC}"
EndProject
Project("{FAE04EC0-301F-11D3-BF4B-00C04F79EFBC}") = "Smart.MFB.ERP.Framework.Communication", "Common\Smart.MFB.ERP.Framework.Communication\Smart.MFB.ERP.Framework.Communication.csproj", "{386F4FB7-07ED-43D5-A98A-AB5361BDF0FE}"
EndProject
Project("{2150E333-8FDC-42A3-9474-1A3956D46DE8}") = "Core", "Core", "{79D3F212-58B1-4133-9001-8CDD5CDB43DE}"
EndProject
Project("{FAE04EC0-301F-11D3-BF4B-00C04F79EFBC}") = "Smart.MFB.ERP.Business.Contract", "Business\Smart.MFB.ERP.Contract\Smart.MFB.ERP.Business.Contract.csproj", "{DDCB9E4C-5E1F-48BA-9138-D7DDD0E13704}"
EndProject
Project("{FAE04EC0-301F-11D3-BF4B-00C04F79EFBC}") = "Smart.MFB.ERP.Business.Core.Bootstrapper", "Business\Smart.MFB.ERP.Business.Core.Bootstrapper\Smart.MFB.ERP.Business.Core.Bootstrapper.csproj", "{EB97B1E2-813D-4CC5-BE8F-DD9BEEF84F0B}"
EndProject
Project("{FAE04EC0-301F-11D3-BF4B-00C04F79EFBC}") = "Smart.MFB.ERP.Business.Core", "Business\Smart.MFB.ERP.Business.Core\Smart.MFB.ERP.Business.Core.csproj", "{5857CE9E-02B8-4267-821E-AE0E94B54AAC}"
EndProject
Project("{2150E333-8FDC-42A3-9474-1A3956D46DE8}") = "Core", "Core", "{922E73BD-427D-48E6-A1DF-2EC6612B8EC8}"
EndProject
Project("{FAE04EC0-301F-11D3-BF4B-00C04F79EFBC}") = "Smart.MFB.ERP.Client.Core.Entities", "Client\Smart.MFB.ERP.Client.Core.Entity\Smart.MFB.ERP.Client.Core.Entities.csproj", "{AB26F4F8-B840-46C8-BCBA-4C01935FE747}"
EndProject
Project("{FAE04EC0-301F-11D3-BF4B-00C04F79EFBC}") = "Smart.MFB.ERP.Client.Core", "Client\Smart.MFB.ERP.Client.Core\Smart.MFB.ERP.Client.Core.csproj", "{79CFEAD3-F4DE-4008-A348-9D98B05AE8EB}"
EndProject
Project("{FAE04EC0-301F-11D3-BF4B-00C04F79EFBC}") = "Smart.MFB.ERP.Client.Core.Contract", "Client\Smart.MFB.ERP.Client.Core.Contract\Smart.MFB.ERP.Client.Core.Contract.csproj", "{81318297-3FAF-4E78-A28D-6F18F6551397}"
EndProject
Project("{FAE04EC0-301F-11D3-BF4B-00C04F79EFBC}") = "Smart.MFB.ERP.Client.Core.Bootstrapper", "Client\Smart.MFB.ERP.Client.Core.Bootstrapper\Smart.MFB.ERP.Client.Core.Bootstrapper.csproj", "{CC8C9462-C7F0-4FEA-8C62-E9E5298465D6}"
EndProject
Project("{FAE04EC0-301F-11D3-BF4B-00C04F79EFBC}") = "Smart.MFB.ERP.Integration.AuditTrail", "Integration\Smart.MFB.ERP.Integration.AuditTrail\Smart.MFB.ERP.Integration.AuditTrail.csproj", "{FACD6DFA-30B7-4959-A234-DE212C5A808E}"
EndProject
Project("{00D1A9C2-B5F0-4AF3-8072-F6C62B433612}") = "Smart.MFB.Audit.DB", "Database\Smart.MFB.Audit.DB\Smart.MFB.Audit.DB.sqlproj", "{A8DEB730-89C8-423E-B5D7-ACA0B7B13633}"
EndProject
Project("{FAE04EC0-301F-11D3-BF4B-00C04F79EFBC}") = "Smart.MFB.ERP.Test.Data.Core", "Test\Smart.MFB.ERP.Test.Data.Core\Smart.MFB.ERP.Test.Data.Core.csproj", "{1BC19689-46F6-4558-B4AB-0FFF42B32BBD}"
EndProject
Global
	GlobalSection(SolutionConfigurationPlatforms) = preSolution
		Debug|Any CPU = Debug|Any CPU
		Release|Any CPU = Release|Any CPU
	EndGlobalSection
	GlobalSection(ProjectConfigurationPlatforms) = postSolution
		{A10FB47D-18A8-43C0-867E-39055C3F284E}.Debug|Any CPU.ActiveCfg = Debug|Any CPU
		{A10FB47D-18A8-43C0-867E-39055C3F284E}.Debug|Any CPU.Build.0 = Debug|Any CPU
		{A10FB47D-18A8-43C0-867E-39055C3F284E}.Release|Any CPU.ActiveCfg = Release|Any CPU
		{A10FB47D-18A8-43C0-867E-39055C3F284E}.Release|Any CPU.Build.0 = Release|Any CPU
		{A5BAE5F4-B2A8-4FAD-A8DB-A90416CADB2F}.Debug|Any CPU.ActiveCfg = Debug|Any CPU
		{A5BAE5F4-B2A8-4FAD-A8DB-A90416CADB2F}.Debug|Any CPU.Build.0 = Debug|Any CPU
		{A5BAE5F4-B2A8-4FAD-A8DB-A90416CADB2F}.Release|Any CPU.ActiveCfg = Release|Any CPU
		{A5BAE5F4-B2A8-4FAD-A8DB-A90416CADB2F}.Release|Any CPU.Build.0 = Release|Any CPU
		{65BA5019-8EE4-40C4-AC28-2EC778B4B52A}.Debug|Any CPU.ActiveCfg = Debug|Any CPU
		{65BA5019-8EE4-40C4-AC28-2EC778B4B52A}.Debug|Any CPU.Build.0 = Debug|Any CPU
		{65BA5019-8EE4-40C4-AC28-2EC778B4B52A}.Release|Any CPU.ActiveCfg = Release|Any CPU
		{65BA5019-8EE4-40C4-AC28-2EC778B4B52A}.Release|Any CPU.Build.0 = Release|Any CPU
		{BED21150-64EF-4866-B651-1DBD70A78C03}.Debug|Any CPU.ActiveCfg = Debug|Any CPU
		{BED21150-64EF-4866-B651-1DBD70A78C03}.Debug|Any CPU.Build.0 = Debug|Any CPU
		{BED21150-64EF-4866-B651-1DBD70A78C03}.Release|Any CPU.ActiveCfg = Release|Any CPU
		{BED21150-64EF-4866-B651-1DBD70A78C03}.Release|Any CPU.Build.0 = Release|Any CPU
		{9BA7E5C3-96DE-4A00-8755-1DABDEDD43E1}.Debug|Any CPU.ActiveCfg = Debug|Any CPU
		{9BA7E5C3-96DE-4A00-8755-1DABDEDD43E1}.Debug|Any CPU.Build.0 = Debug|Any CPU
		{9BA7E5C3-96DE-4A00-8755-1DABDEDD43E1}.Debug|Any CPU.Deploy.0 = Debug|Any CPU
		{9BA7E5C3-96DE-4A00-8755-1DABDEDD43E1}.Release|Any CPU.ActiveCfg = Release|Any CPU
		{9BA7E5C3-96DE-4A00-8755-1DABDEDD43E1}.Release|Any CPU.Build.0 = Release|Any CPU
		{9BA7E5C3-96DE-4A00-8755-1DABDEDD43E1}.Release|Any CPU.Deploy.0 = Release|Any CPU
		{C9E1CC1E-D320-40C1-BBBF-99DC5C5429AC}.Debug|Any CPU.ActiveCfg = Debug|Any CPU
		{C9E1CC1E-D320-40C1-BBBF-99DC5C5429AC}.Debug|Any CPU.Build.0 = Debug|Any CPU
		{C9E1CC1E-D320-40C1-BBBF-99DC5C5429AC}.Release|Any CPU.ActiveCfg = Release|Any CPU
		{C9E1CC1E-D320-40C1-BBBF-99DC5C5429AC}.Release|Any CPU.Build.0 = Release|Any CPU
		{386F4FB7-07ED-43D5-A98A-AB5361BDF0FE}.Debug|Any CPU.ActiveCfg = Debug|Any CPU
		{386F4FB7-07ED-43D5-A98A-AB5361BDF0FE}.Debug|Any CPU.Build.0 = Debug|Any CPU
		{386F4FB7-07ED-43D5-A98A-AB5361BDF0FE}.Release|Any CPU.ActiveCfg = Release|Any CPU
		{386F4FB7-07ED-43D5-A98A-AB5361BDF0FE}.Release|Any CPU.Build.0 = Release|Any CPU
		{DDCB9E4C-5E1F-48BA-9138-D7DDD0E13704}.Debug|Any CPU.ActiveCfg = Debug|Any CPU
		{DDCB9E4C-5E1F-48BA-9138-D7DDD0E13704}.Debug|Any CPU.Build.0 = Debug|Any CPU
		{DDCB9E4C-5E1F-48BA-9138-D7DDD0E13704}.Release|Any CPU.ActiveCfg = Release|Any CPU
		{DDCB9E4C-5E1F-48BA-9138-D7DDD0E13704}.Release|Any CPU.Build.0 = Release|Any CPU
		{EB97B1E2-813D-4CC5-BE8F-DD9BEEF84F0B}.Debug|Any CPU.ActiveCfg = Debug|Any CPU
		{EB97B1E2-813D-4CC5-BE8F-DD9BEEF84F0B}.Debug|Any CPU.Build.0 = Debug|Any CPU
		{EB97B1E2-813D-4CC5-BE8F-DD9BEEF84F0B}.Release|Any CPU.ActiveCfg = Release|Any CPU
		{EB97B1E2-813D-4CC5-BE8F-DD9BEEF84F0B}.Release|Any CPU.Build.0 = Release|Any CPU
		{5857CE9E-02B8-4267-821E-AE0E94B54AAC}.Debug|Any CPU.ActiveCfg = Debug|Any CPU
		{5857CE9E-02B8-4267-821E-AE0E94B54AAC}.Debug|Any CPU.Build.0 = Debug|Any CPU
		{5857CE9E-02B8-4267-821E-AE0E94B54AAC}.Release|Any CPU.ActiveCfg = Release|Any CPU
		{5857CE9E-02B8-4267-821E-AE0E94B54AAC}.Release|Any CPU.Build.0 = Release|Any CPU
		{AB26F4F8-B840-46C8-BCBA-4C01935FE747}.Debug|Any CPU.ActiveCfg = Debug|Any CPU
		{AB26F4F8-B840-46C8-BCBA-4C01935FE747}.Debug|Any CPU.Build.0 = Debug|Any CPU
		{AB26F4F8-B840-46C8-BCBA-4C01935FE747}.Release|Any CPU.ActiveCfg = Release|Any CPU
		{AB26F4F8-B840-46C8-BCBA-4C01935FE747}.Release|Any CPU.Build.0 = Release|Any CPU
		{79CFEAD3-F4DE-4008-A348-9D98B05AE8EB}.Debug|Any CPU.ActiveCfg = Debug|Any CPU
		{79CFEAD3-F4DE-4008-A348-9D98B05AE8EB}.Debug|Any CPU.Build.0 = Debug|Any CPU
		{79CFEAD3-F4DE-4008-A348-9D98B05AE8EB}.Release|Any CPU.ActiveCfg = Release|Any CPU
		{79CFEAD3-F4DE-4008-A348-9D98B05AE8EB}.Release|Any CPU.Build.0 = Release|Any CPU
		{81318297-3FAF-4E78-A28D-6F18F6551397}.Debug|Any CPU.ActiveCfg = Debug|Any CPU
		{81318297-3FAF-4E78-A28D-6F18F6551397}.Debug|Any CPU.Build.0 = Debug|Any CPU
		{81318297-3FAF-4E78-A28D-6F18F6551397}.Release|Any CPU.ActiveCfg = Release|Any CPU
		{81318297-3FAF-4E78-A28D-6F18F6551397}.Release|Any CPU.Build.0 = Release|Any CPU
		{CC8C9462-C7F0-4FEA-8C62-E9E5298465D6}.Debug|Any CPU.ActiveCfg = Debug|Any CPU
		{CC8C9462-C7F0-4FEA-8C62-E9E5298465D6}.Debug|Any CPU.Build.0 = Debug|Any CPU
		{CC8C9462-C7F0-4FEA-8C62-E9E5298465D6}.Release|Any CPU.ActiveCfg = Release|Any CPU
		{CC8C9462-C7F0-4FEA-8C62-E9E5298465D6}.Release|Any CPU.Build.0 = Release|Any CPU
		{FACD6DFA-30B7-4959-A234-DE212C5A808E}.Debug|Any CPU.ActiveCfg = Debug|Any CPU
		{FACD6DFA-30B7-4959-A234-DE212C5A808E}.Debug|Any CPU.Build.0 = Debug|Any CPU
		{FACD6DFA-30B7-4959-A234-DE212C5A808E}.Release|Any CPU.ActiveCfg = Release|Any CPU
		{FACD6DFA-30B7-4959-A234-DE212C5A808E}.Release|Any CPU.Build.0 = Release|Any CPU
		{A8DEB730-89C8-423E-B5D7-ACA0B7B13633}.Debug|Any CPU.ActiveCfg = Debug|Any CPU
		{A8DEB730-89C8-423E-B5D7-ACA0B7B13633}.Debug|Any CPU.Build.0 = Debug|Any CPU
		{A8DEB730-89C8-423E-B5D7-ACA0B7B13633}.Debug|Any CPU.Deploy.0 = Debug|Any CPU
		{A8DEB730-89C8-423E-B5D7-ACA0B7B13633}.Release|Any CPU.ActiveCfg = Release|Any CPU
		{A8DEB730-89C8-423E-B5D7-ACA0B7B13633}.Release|Any CPU.Build.0 = Release|Any CPU
		{A8DEB730-89C8-423E-B5D7-ACA0B7B13633}.Release|Any CPU.Deploy.0 = Release|Any CPU
		{1BC19689-46F6-4558-B4AB-0FFF42B32BBD}.Debug|Any CPU.ActiveCfg = Debug|Any CPU
		{1BC19689-46F6-4558-B4AB-0FFF42B32BBD}.Debug|Any CPU.Build.0 = Debug|Any CPU
		{1BC19689-46F6-4558-B4AB-0FFF42B32BBD}.Release|Any CPU.ActiveCfg = Release|Any CPU
		{1BC19689-46F6-4558-B4AB-0FFF42B32BBD}.Release|Any CPU.Build.0 = Release|Any CPU
	EndGlobalSection
	GlobalSection(SolutionProperties) = preSolution
		HideSolutionNode = FALSE
	EndGlobalSection
	GlobalSection(NestedProjects) = preSolution
		{A10FB47D-18A8-43C0-867E-39055C3F284E} = {70E12325-600A-4636-BA4B-C946049631CC}
		{A5BAE5F4-B2A8-4FAD-A8DB-A90416CADB2F} = {70E12325-600A-4636-BA4B-C946049631CC}
		{70E12325-600A-4636-BA4B-C946049631CC} = {13583278-827A-4884-B451-FB90236BF46B}
		{65BA5019-8EE4-40C4-AC28-2EC778B4B52A} = {56EB7279-B0D7-4CA7-BA05-A2BD38BDE770}
		{BED21150-64EF-4866-B651-1DBD70A78C03} = {56EB7279-B0D7-4CA7-BA05-A2BD38BDE770}
		{9BA7E5C3-96DE-4A00-8755-1DABDEDD43E1} = {2C51688E-AF35-4B8C-99A8-BC2C1497576B}
		{1D96C7EF-D67E-4366-9D58-0ADF5F2E4F8E} = {13583278-827A-4884-B451-FB90236BF46B}
		{C9E1CC1E-D320-40C1-BBBF-99DC5C5429AC} = {1D96C7EF-D67E-4366-9D58-0ADF5F2E4F8E}
		{386F4FB7-07ED-43D5-A98A-AB5361BDF0FE} = {1D96C7EF-D67E-4366-9D58-0ADF5F2E4F8E}
		{79D3F212-58B1-4133-9001-8CDD5CDB43DE} = {584E7B95-22EE-4BF9-94C1-6DB5A397905E}
		{DDCB9E4C-5E1F-48BA-9138-D7DDD0E13704} = {79D3F212-58B1-4133-9001-8CDD5CDB43DE}
		{EB97B1E2-813D-4CC5-BE8F-DD9BEEF84F0B} = {79D3F212-58B1-4133-9001-8CDD5CDB43DE}
		{5857CE9E-02B8-4267-821E-AE0E94B54AAC} = {79D3F212-58B1-4133-9001-8CDD5CDB43DE}
		{922E73BD-427D-48E6-A1DF-2EC6612B8EC8} = {FA49C1D2-B72F-4D6A-A689-96EE936A64D1}
		{AB26F4F8-B840-46C8-BCBA-4C01935FE747} = {922E73BD-427D-48E6-A1DF-2EC6612B8EC8}
		{79CFEAD3-F4DE-4008-A348-9D98B05AE8EB} = {922E73BD-427D-48E6-A1DF-2EC6612B8EC8}
		{81318297-3FAF-4E78-A28D-6F18F6551397} = {922E73BD-427D-48E6-A1DF-2EC6612B8EC8}
		{CC8C9462-C7F0-4FEA-8C62-E9E5298465D6} = {922E73BD-427D-48E6-A1DF-2EC6612B8EC8}
		{FACD6DFA-30B7-4959-A234-DE212C5A808E} = {63F93C3F-3EEB-4774-8EB5-3DE14646D7B3}
		{A8DEB730-89C8-423E-B5D7-ACA0B7B13633} = {2C51688E-AF35-4B8C-99A8-BC2C1497576B}
		{1BC19689-46F6-4558-B4AB-0FFF42B32BBD} = {2D0901FA-4C02-41FF-9B16-D5746F4AE476}
	EndGlobalSection
EndGlobal
